
Microsoft Visual Studio Solution File, Format Version 12.00
# Visual Studio Version 16
VisualStudioVersion = 16.0.32106.194
MinimumVisualStudioVersion = 10.0.40219.1
Project("{FAE04EC0-301F-11D3-BF4B-00C04F79EFBC}") = "Ukraine", "Ukraine.csproj", "{7AAE7B1E-40A7-4694-B43D-72C079053F6B}"
EndProject
Global
	GlobalSection(SolutionConfigurationPlatforms) = preSolution
		Debug|Any CPU = Debug|Any CPU
		Release|Any CPU = Release|Any CPU
	EndGlobalSection
	GlobalSection(ProjectConfigurationPlatforms) = postSolution
		{7AAE7B1E-40A7-4694-B43D-72C079053F6B}.Debug|Any CPU.ActiveCfg = Debug|Any CPU
		{7AAE7B1E-40A7-4694-B43D-72C079053F6B}.Debug|Any CPU.Build.0 = Debug|Any CPU
		{7AAE7B1E-40A7-4694-B43D-72C079053F6B}.Release|Any CPU.ActiveCfg = Release|Any CPU
		{7AAE7B1E-40A7-4694-B43D-72C079053F6B}.Release|Any CPU.Build.0 = Release|Any CPU
	EndGlobalSection
	GlobalSection(SolutionProperties) = preSolution
		HideSolutionNode = FALSE
	EndGlobalSection
	GlobalSection(ExtensibilityGlobals) = postSolution
		SolutionGuid = {95BAF3D7-28CF-4C5F-AB4D-ADFBF56F962D}
	EndGlobalSection
EndGlobal
